
Microsoft Visual Studio Solution File, Format Version 12.00
# Visual Studio Version 17
VisualStudioVersion = 17.8.34322.80
MinimumVisualStudioVersion = 10.0.40219.1
Project("{FAE04EC0-301F-11D3-BF4B-00C04F79EFBC}") = "TryStoreAgainPizza", "TryStoreAgainPizza.csproj", "{670E0E40-0C95-4E51-BDBB-FE88468E4752}"
EndProject
Global
	GlobalSection(SolutionConfigurationPlatforms) = preSolution
		Debug|Any CPU = Debug|Any CPU
		Release|Any CPU = Release|Any CPU
	EndGlobalSection
	GlobalSection(ProjectConfigurationPlatforms) = postSolution
		{670E0E40-0C95-4E51-BDBB-FE88468E4752}.Debug|Any CPU.ActiveCfg = Debug|Any CPU
		{670E0E40-0C95-4E51-BDBB-FE88468E4752}.Debug|Any CPU.Build.0 = Debug|Any CPU
		{670E0E40-0C95-4E51-BDBB-FE88468E4752}.Release|Any CPU.ActiveCfg = Release|Any CPU
		{670E0E40-0C95-4E51-BDBB-FE88468E4752}.Release|Any CPU.Build.0 = Release|Any CPU
	EndGlobalSection
	GlobalSection(SolutionProperties) = preSolution
		HideSolutionNode = FALSE
	EndGlobalSection
	GlobalSection(ExtensibilityGlobals) = postSolution
		SolutionGuid = {BBFAAEC3-7519-4850-A1D5-332351B8B510}
	EndGlobalSection
EndGlobal
